
Microsoft Visual Studio Solution File, Format Version 12.00
# Visual Studio 15
VisualStudioVersion = 15.0.26403.7
MinimumVisualStudioVersion = 10.0.40219.1
Project("{2150E333-8FDC-42A3-9474-1A3956D46DE8}") = "Brainwave.Capture", "Brainwave.Capture", "{CF871057-FC3D-405B-AB29-F5FABE907AB2}"
EndProject
Project("{2150E333-8FDC-42A3-9474-1A3956D46DE8}") = "Brainwave.Headset", "Brainwave.Headset", "{50344698-DE70-46A0-8535-B00307E8EE9D}"
EndProject
Project("{2150E333-8FDC-42A3-9474-1A3956D46DE8}") = "Brainwave.Install", "Brainwave.Install", "{4F2B0B81-F55B-43E3-A681-DDFF33019F1E}"
EndProject
Project("{2150E333-8FDC-42A3-9474-1A3956D46DE8}") = "Brainwave.Replay", "Brainwave.Replay", "{8538660F-A146-4BC7-91D0-17C4714821B9}"
EndProject
Project("{2150E333-8FDC-42A3-9474-1A3956D46DE8}") = "Brainwave.Common", "Brainwave.Common", "{73F05CD7-4F46-45CB-BF54-13D1D270DA9D}"
EndProject
Project("{2150E333-8FDC-42A3-9474-1A3956D46DE8}") = "Brainwave.Modules", "Brainwave.Modules", "{1188677D-9EC0-40DC-8B74-41B96AED6D1C}"
EndProject
Project("{FAE04EC0-301F-11D3-BF4B-00C04F79EFBC}") = "Brainwave.Main", "Application.Brainwave\Brainwave.Shell\Brainwave.Main.csproj", "{27F711D8-3F8F-4D35-B118-E790AD9F3B75}"
EndProject
Project("{FAE04EC0-301F-11D3-BF4B-00C04F79EFBC}") = "Brainwave.Capture", "Application.Capture\Capture\Brainwave.Capture.csproj", "{22147816-9711-4B6F-8919-D0052D70725E}"
EndProject
Project("{FAE04EC0-301F-11D3-BF4B-00C04F79EFBC}") = "Brainwave.HeadsetStatus", "Application.Headset\Headset_Status\Brainwave.HeadsetStatus.csproj", "{99CBB942-FCC2-4F31-8703-C642F9F015E3}"
EndProject
Project("{FAE04EC0-301F-11D3-BF4B-00C04F79EFBC}") = "CreateSecurityGroups", "BWS.Installers\CreateSecurityGroups\CreateSecurityGroups\CreateSecurityGroups.csproj", "{67CDC396-907A-43A1-A0F3-4DA6C0850A59}"
EndProject
Project("{FAE04EC0-301F-11D3-BF4B-00C04F79EFBC}") = "LogInstaller", "BWS.Installers\LogInstaller\LogInstaller\LogInstaller.csproj", "{6A63AC7E-1C33-4A7D-9123-8C1DBD9A7AD9}"
EndProject
Project("{FAE04EC0-301F-11D3-BF4B-00C04F79EFBC}") = "Replay", "Application.Replay\Replay\Replay.csproj", "{B064BAC8-7269-4249-9630-72AD6EB09C78}"
EndProject
Project("{FAE04EC0-301F-11D3-BF4B-00C04F79EFBC}") = "Brainwave.Controls", "Application.Brainwave\Brainwave.Common\Brainwave.Controls\Brainwave.Controls.csproj", "{59F28105-791E-4C9F-9C7C-B8A6900B1EE4}"
EndProject
Project("{FAE04EC0-301F-11D3-BF4B-00C04F79EFBC}") = "Brainwave.GridControl_v4", "Application.Brainwave\Brainwave.Common\Brainwave.GridControl_v4\Brainwave.GridControl_v4.csproj", "{D55C98D3-7921-41F8-8408-AE55A67A8881}"
EndProject
Project("{FAE04EC0-301F-11D3-BF4B-00C04F79EFBC}") = "Brainwave.Helper", "Application.Brainwave\Brainwave.Common\Brainwave.Helper\Brainwave.Helper.csproj", "{DED7788D-2B57-4D84-9A33-2E83585C4B71}"
EndProject
Project("{FAE04EC0-301F-11D3-BF4B-00C04F79EFBC}") = "Brainwave.PaggerControl", "Application.Brainwave\Brainwave.Common\Brainwave.PaggerControl\Brainwave.PaggerControl.csproj", "{6A6FA218-A80A-496C-8270-61D4B498DE7C}"
EndProject
Project("{FAE04EC0-301F-11D3-BF4B-00C04F79EFBC}") = "ImageEditor", "Application.Brainwave\Brainwave.Common\ImageEditor\ImageEditor.csproj", "{7EB68CBD-40DD-4B25-B755-6C4B38ED0900}"
EndProject
Project("{FAE04EC0-301F-11D3-BF4B-00C04F79EFBC}") = "Brainwave.DataSet", "Application.Brainwave\Brainwave.Common\Brainwave.DataSet\Brainwave.DataSet.csproj", "{B76F7E1D-FF27-490A-85F4-9D44BCD625FB}"
EndProject
Project("{FAE04EC0-301F-11D3-BF4B-00C04F79EFBC}") = "Brainwave.FingerPrint", "Application.Brainwave\Brainwave.Common\Brainwave.FingerPrint\Brainwave.FingerPrint.csproj", "{EFA3546C-FE55-4493-A77D-F01CFB1083F5}"
EndProject
Project("{FAE04EC0-301F-11D3-BF4B-00C04F79EFBC}") = "Brainwave.WebCam", "Application.Brainwave\Brainwave.Common\Brainwave.WebCam\Brainwave.WebCam.csproj", "{B3E2D973-828C-4B72-B769-D66E4242F1C1}"
EndProject
Project("{FAE04EC0-301F-11D3-BF4B-00C04F79EFBC}") = "InTheHand.Net.Personal.FX2", "Application.Brainwave\Brainwave.Common\InTheHand.Net.Personal\InTheHand.Net.Personal.FX2.csproj", "{98BDDE14-8F8C-40CC-9E45-5BAC73573EF4}"
EndProject
Project("{FAE04EC0-301F-11D3-BF4B-00C04F79EFBC}") = "Brainwave.Infrastructure", "Application.Brainwave\Brainwave.Common\Brainwave.Infrastructure\Brainwave.Infrastructure.csproj", "{1B95717F-2694-4A6F-89F6-54BDFE10FED3}"
EndProject
Project("{FAE04EC0-301F-11D3-BF4B-00C04F79EFBC}") = "Brainwave.IO", "Application.Brainwave\Brainwave.Common\Brainwave.IO\Brainwave.IO\Brainwave.IO.csproj", "{7ABFA480-C49F-47AB-9FDD-117AD05F6F6A}"
EndProject
Project("{FAE04EC0-301F-11D3-BF4B-00C04F79EFBC}") = "Brainwave.Logging", "Application.Brainwave\Brainwave.Common\Brainwave.Logging\Brainwave.Logging.csproj", "{A9DC1A7A-B6B4-4508-88B2-7010610ADEBD}"
EndProject
Project("{FAE04EC0-301F-11D3-BF4B-00C04F79EFBC}") = "Brainwave.Xml", "Application.Brainwave\Brainwave.Common\Brainwave.Xml\Brainwave.Xml.csproj", "{7A435F8C-31DE-4706-96DB-2ABD69BF5112}"
EndProject
Project("{FAE04EC0-301F-11D3-BF4B-00C04F79EFBC}") = "Brainwave.Analysis", "Application.Brainwave\Brainwave.Modules\Brainwave.Analysis\Brainwave.Analysis.csproj", "{507082FB-5D9A-49DB-8D27-970A51914FD0}"
EndProject
Project("{FAE04EC0-301F-11D3-BF4B-00C04F79EFBC}") = "Brainwave.Business", "Application.Brainwave\Brainwave.Modules\Brainwave.Business\Brainwave.Business.csproj", "{448FC0E9-B263-4BFF-8763-522CED31A1E9}"
EndProject
Project("{FAE04EC0-301F-11D3-BF4B-00C04F79EFBC}") = "Brainwave.AnalysisScreen", "Application.Brainwave\Brainwave.Modules\Brainwave.AnalysisScreen\Brainwave.AnalysisScreen.csproj", "{FF68AE0D-C74E-4562-8227-079508042ED8}"
EndProject
Project("{FAE04EC0-301F-11D3-BF4B-00C04F79EFBC}") = "Brainwave.BluetoothDevices", "Application.Brainwave\Brainwave.Modules\Brainwave.Bluetooth-Devices\Brainwave.BluetoothDevices.csproj", "{4344759A-1F88-48DD-89D9-866C3EBFB724}"
EndProject
Project("{FAE04EC0-301F-11D3-BF4B-00C04F79EFBC}") = "Brainwave.Case", "Application.Brainwave\Brainwave.Modules\Brainwave.Case\Brainwave.Case.csproj", "{E6C46218-1750-4EEE-8BA9-7812AA29205C}"
EndProject
Project("{FAE04EC0-301F-11D3-BF4B-00C04F79EFBC}") = "Brainwave.CaseFact", "Application.Brainwave\Brainwave.Modules\Brainwave.CaseFact\Brainwave.CaseFact.csproj", "{EEEB9731-4FC4-49E5-9642-270480E7313E}"
EndProject
Project("{FAE04EC0-301F-11D3-BF4B-00C04F79EFBC}") = "Brainwave.Help", "Application.Brainwave\Brainwave.Modules\Brainwave.Help\Brainwave.Help.csproj", "{CFF792DE-8B22-4D2C-8D35-4ABBEDEC3B46}"
EndProject
Project("{FAE04EC0-301F-11D3-BF4B-00C04F79EFBC}") = "Brainwave.Review", "Application.Brainwave\Brainwave.Modules\Brainwave.Review\Brainwave.Review.csproj", "{B7F8A96C-6A43-4F49-9EE3-282967DE0B6F}"
EndProject
Project("{FAE04EC0-301F-11D3-BF4B-00C04F79EFBC}") = "Brainwave.Subject", "Application.Brainwave\Brainwave.Modules\Brainwave.Subject\Brainwave.Subject.csproj", "{10265B58-E04F-4DAB-B1E6-DCC260328BD4}"
EndProject
Project("{FAE04EC0-301F-11D3-BF4B-00C04F79EFBC}") = "Brainwave.SubjectInstructions", "Application.Brainwave\Brainwave.Modules\Brainwave.SubjectInstructions\Brainwave.SubjectInstructions.csproj", "{331DACA2-F30E-418F-9F6D-6F137967E212}"
EndProject
Project("{FAE04EC0-301F-11D3-BF4B-00C04F79EFBC}") = "Brainwave.Test", "Application.Brainwave\Brainwave.Modules\Brainwave.Test\Brainwave.Test.csproj", "{842E7E0A-D9EA-49E0-8725-9A9024E421A8}"
EndProject
Project("{FAE04EC0-301F-11D3-BF4B-00C04F79EFBC}") = "Brainwave.TestProtocol", "Application.Brainwave\Brainwave.Modules\Brainwave.TestProtocol\Brainwave.TestProtocol.csproj", "{00ECE866-314C-4241-B774-146D02BB04AB}"
EndProject
Project("{FAE04EC0-301F-11D3-BF4B-00C04F79EFBC}") = "Brainwave.TestSetup", "Application.Brainwave\Brainwave.Modules\Brainwave.TestSetup\Brainwave.TestSetup.csproj", "{03C162F8-7FBA-4CB0-8891-43C79167F0A1}"
EndProject
Project("{FAE04EC0-301F-11D3-BF4B-00C04F79EFBC}") = "Brainwave.UserPreferences", "Application.Brainwave\Brainwave.Modules\Brainwave.UserPreferences\Brainwave.UserPreferences.csproj", "{1A3B6E97-4AC0-46D7-889A-170810CD89B1}"
EndProject
Project("{FAE04EC0-301F-11D3-BF4B-00C04F79EFBC}") = "Brainwave.Network", "Application.Brainwave\Brainwave.Common\Brainwave.Network\Brainwave.Network.csproj", "{C8207632-3427-4728-ACDD-88CFC78B337B}"
EndProject
Project("{FAE04EC0-301F-11D3-BF4B-00C04F79EFBC}") = "Brainwave.Language", "Application.Brainwave\Brainwave.Common\Brainwave.Language\Brainwave.Language.csproj", "{216F8D6A-FC11-4FA2-AC09-9BC93CE9DE49}"
EndProject
Project("{FAE04EC0-301F-11D3-BF4B-00C04F79EFBC}") = "Brainwave.Cognionics", "Application.Capture\Cognionics\Brainwave.Cognionics.csproj", "{B744755F-3BAF-4D7E-813A-CFE8877FCBC7}"
EndProject
Project("{FAE04EC0-301F-11D3-BF4B-00C04F79EFBC}") = "Brainwave.Entities", "Application.Brainwave\Brainwave.Common\Brainwave.Entities\Brainwave.Entities.csproj", "{A8CCA12E-0DBC-48C4-915E-3818568E0567}"
EndProject
Global
	GlobalSection(SolutionConfigurationPlatforms) = preSolution
		Debug|Any CPU = Debug|Any CPU
		Debug|x64 = Debug|x64
		Release|Any CPU = Release|Any CPU
		Release|x64 = Release|x64
	EndGlobalSection
	GlobalSection(ProjectConfigurationPlatforms) = postSolution
		{27F711D8-3F8F-4D35-B118-E790AD9F3B75}.Debug|Any CPU.ActiveCfg = Debug|Any CPU
		{27F711D8-3F8F-4D35-B118-E790AD9F3B75}.Debug|Any CPU.Build.0 = Debug|Any CPU
		{27F711D8-3F8F-4D35-B118-E790AD9F3B75}.Debug|x64.ActiveCfg = Debug|x64
		{27F711D8-3F8F-4D35-B118-E790AD9F3B75}.Debug|x64.Build.0 = Debug|x64
		{27F711D8-3F8F-4D35-B118-E790AD9F3B75}.Release|Any CPU.ActiveCfg = Release|Any CPU
		{27F711D8-3F8F-4D35-B118-E790AD9F3B75}.Release|Any CPU.Build.0 = Release|Any CPU
		{27F711D8-3F8F-4D35-B118-E790AD9F3B75}.Release|x64.ActiveCfg = Release|x64
		{27F711D8-3F8F-4D35-B118-E790AD9F3B75}.Release|x64.Build.0 = Release|x64
		{22147816-9711-4B6F-8919-D0052D70725E}.Debug|Any CPU.ActiveCfg = Debug|Any CPU
		{22147816-9711-4B6F-8919-D0052D70725E}.Debug|Any CPU.Build.0 = Debug|Any CPU
		{22147816-9711-4B6F-8919-D0052D70725E}.Debug|x64.ActiveCfg = Debug|x64
		{22147816-9711-4B6F-8919-D0052D70725E}.Debug|x64.Build.0 = Debug|x64
		{22147816-9711-4B6F-8919-D0052D70725E}.Release|Any CPU.ActiveCfg = Release|Any CPU
		{22147816-9711-4B6F-8919-D0052D70725E}.Release|Any CPU.Build.0 = Release|Any CPU
		{22147816-9711-4B6F-8919-D0052D70725E}.Release|x64.ActiveCfg = Release|x64
		{22147816-9711-4B6F-8919-D0052D70725E}.Release|x64.Build.0 = Release|x64
		{99CBB942-FCC2-4F31-8703-C642F9F015E3}.Debug|Any CPU.ActiveCfg = Debug|Any CPU
		{99CBB942-FCC2-4F31-8703-C642F9F015E3}.Debug|Any CPU.Build.0 = Debug|Any CPU
		{99CBB942-FCC2-4F31-8703-C642F9F015E3}.Debug|x64.ActiveCfg = Debug|x64
		{99CBB942-FCC2-4F31-8703-C642F9F015E3}.Debug|x64.Build.0 = Debug|x64
		{99CBB942-FCC2-4F31-8703-C642F9F015E3}.Release|Any CPU.ActiveCfg = Release|Any CPU
		{99CBB942-FCC2-4F31-8703-C642F9F015E3}.Release|Any CPU.Build.0 = Release|Any CPU
		{99CBB942-FCC2-4F31-8703-C642F9F015E3}.Release|x64.ActiveCfg = Release|x64
		{99CBB942-FCC2-4F31-8703-C642F9F015E3}.Release|x64.Build.0 = Release|x64
		{67CDC396-907A-43A1-A0F3-4DA6C0850A59}.Debug|Any CPU.ActiveCfg = Debug|Any CPU
		{67CDC396-907A-43A1-A0F3-4DA6C0850A59}.Debug|Any CPU.Build.0 = Debug|Any CPU
		{67CDC396-907A-43A1-A0F3-4DA6C0850A59}.Debug|x64.ActiveCfg = Debug|x64
		{67CDC396-907A-43A1-A0F3-4DA6C0850A59}.Debug|x64.Build.0 = Debug|x64
		{67CDC396-907A-43A1-A0F3-4DA6C0850A59}.Release|Any CPU.ActiveCfg = Release|Any CPU
		{67CDC396-907A-43A1-A0F3-4DA6C0850A59}.Release|Any CPU.Build.0 = Release|Any CPU
		{67CDC396-907A-43A1-A0F3-4DA6C0850A59}.Release|x64.ActiveCfg = Release|x64
		{67CDC396-907A-43A1-A0F3-4DA6C0850A59}.Release|x64.Build.0 = Release|x64
		{6A63AC7E-1C33-4A7D-9123-8C1DBD9A7AD9}.Debug|Any CPU.ActiveCfg = Debug|Any CPU
		{6A63AC7E-1C33-4A7D-9123-8C1DBD9A7AD9}.Debug|Any CPU.Build.0 = Debug|Any CPU
		{6A63AC7E-1C33-4A7D-9123-8C1DBD9A7AD9}.Debug|x64.ActiveCfg = Debug|x64
		{6A63AC7E-1C33-4A7D-9123-8C1DBD9A7AD9}.Debug|x64.Build.0 = Debug|x64
		{6A63AC7E-1C33-4A7D-9123-8C1DBD9A7AD9}.Release|Any CPU.ActiveCfg = Release|Any CPU
		{6A63AC7E-1C33-4A7D-9123-8C1DBD9A7AD9}.Release|Any CPU.Build.0 = Release|Any CPU
		{6A63AC7E-1C33-4A7D-9123-8C1DBD9A7AD9}.Release|x64.ActiveCfg = Release|x64
		{6A63AC7E-1C33-4A7D-9123-8C1DBD9A7AD9}.Release|x64.Build.0 = Release|x64
		{B064BAC8-7269-4249-9630-72AD6EB09C78}.Debug|Any CPU.ActiveCfg = Debug|Any CPU
		{B064BAC8-7269-4249-9630-72AD6EB09C78}.Debug|Any CPU.Build.0 = Debug|Any CPU
		{B064BAC8-7269-4249-9630-72AD6EB09C78}.Debug|x64.ActiveCfg = Debug|x64
		{B064BAC8-7269-4249-9630-72AD6EB09C78}.Debug|x64.Build.0 = Debug|x64
		{B064BAC8-7269-4249-9630-72AD6EB09C78}.Release|Any CPU.ActiveCfg = Release|Any CPU
		{B064BAC8-7269-4249-9630-72AD6EB09C78}.Release|Any CPU.Build.0 = Release|Any CPU
		{B064BAC8-7269-4249-9630-72AD6EB09C78}.Release|x64.ActiveCfg = Release|x64
		{B064BAC8-7269-4249-9630-72AD6EB09C78}.Release|x64.Build.0 = Release|x64
		{59F28105-791E-4C9F-9C7C-B8A6900B1EE4}.Debug|Any CPU.ActiveCfg = Debug|Any CPU
		{59F28105-791E-4C9F-9C7C-B8A6900B1EE4}.Debug|Any CPU.Build.0 = Debug|Any CPU
		{59F28105-791E-4C9F-9C7C-B8A6900B1EE4}.Debug|x64.ActiveCfg = Debug|x64
		{59F28105-791E-4C9F-9C7C-B8A6900B1EE4}.Debug|x64.Build.0 = Debug|x64
		{59F28105-791E-4C9F-9C7C-B8A6900B1EE4}.Release|Any CPU.ActiveCfg = Release|Any CPU
		{59F28105-791E-4C9F-9C7C-B8A6900B1EE4}.Release|Any CPU.Build.0 = Release|Any CPU
		{59F28105-791E-4C9F-9C7C-B8A6900B1EE4}.Release|x64.ActiveCfg = Release|x64
		{59F28105-791E-4C9F-9C7C-B8A6900B1EE4}.Release|x64.Build.0 = Release|x64
		{D55C98D3-7921-41F8-8408-AE55A67A8881}.Debug|Any CPU.ActiveCfg = Debug|Any CPU
		{D55C98D3-7921-41F8-8408-AE55A67A8881}.Debug|Any CPU.Build.0 = Debug|Any CPU
		{D55C98D3-7921-41F8-8408-AE55A67A8881}.Debug|x64.ActiveCfg = Debug|x64
		{D55C98D3-7921-41F8-8408-AE55A67A8881}.Debug|x64.Build.0 = Debug|x64
		{D55C98D3-7921-41F8-8408-AE55A67A8881}.Release|Any CPU.ActiveCfg = Release|Any CPU
		{D55C98D3-7921-41F8-8408-AE55A67A8881}.Release|Any CPU.Build.0 = Release|Any CPU
		{D55C98D3-7921-41F8-8408-AE55A67A8881}.Release|x64.ActiveCfg = Release|x64
		{D55C98D3-7921-41F8-8408-AE55A67A8881}.Release|x64.Build.0 = Release|x64
		{DED7788D-2B57-4D84-9A33-2E83585C4B71}.Debug|Any CPU.ActiveCfg = Debug|Any CPU
		{DED7788D-2B57-4D84-9A33-2E83585C4B71}.Debug|Any CPU.Build.0 = Debug|Any CPU
		{DED7788D-2B57-4D84-9A33-2E83585C4B71}.Debug|x64.ActiveCfg = Debug|x64
		{DED7788D-2B57-4D84-9A33-2E83585C4B71}.Debug|x64.Build.0 = Debug|x64
		{DED7788D-2B57-4D84-9A33-2E83585C4B71}.Release|Any CPU.ActiveCfg = Release|Any CPU
		{DED7788D-2B57-4D84-9A33-2E83585C4B71}.Release|Any CPU.Build.0 = Release|Any CPU
		{DED7788D-2B57-4D84-9A33-2E83585C4B71}.Release|x64.ActiveCfg = Release|x64
		{DED7788D-2B57-4D84-9A33-2E83585C4B71}.Release|x64.Build.0 = Release|x64
		{6A6FA218-A80A-496C-8270-61D4B498DE7C}.Debug|Any CPU.ActiveCfg = Debug|Any CPU
		{6A6FA218-A80A-496C-8270-61D4B498DE7C}.Debug|Any CPU.Build.0 = Debug|Any CPU
		{6A6FA218-A80A-496C-8270-61D4B498DE7C}.Debug|x64.ActiveCfg = Debug|x64
		{6A6FA218-A80A-496C-8270-61D4B498DE7C}.Debug|x64.Build.0 = Debug|x64
		{6A6FA218-A80A-496C-8270-61D4B498DE7C}.Release|Any CPU.ActiveCfg = Release|Any CPU
		{6A6FA218-A80A-496C-8270-61D4B498DE7C}.Release|Any CPU.Build.0 = Release|Any CPU
		{6A6FA218-A80A-496C-8270-61D4B498DE7C}.Release|x64.ActiveCfg = Release|x64
		{6A6FA218-A80A-496C-8270-61D4B498DE7C}.Release|x64.Build.0 = Release|x64
		{7EB68CBD-40DD-4B25-B755-6C4B38ED0900}.Debug|Any CPU.ActiveCfg = Debug|Any CPU
		{7EB68CBD-40DD-4B25-B755-6C4B38ED0900}.Debug|Any CPU.Build.0 = Debug|Any CPU
		{7EB68CBD-40DD-4B25-B755-6C4B38ED0900}.Debug|x64.ActiveCfg = Debug|x64
		{7EB68CBD-40DD-4B25-B755-6C4B38ED0900}.Debug|x64.Build.0 = Debug|x64
		{7EB68CBD-40DD-4B25-B755-6C4B38ED0900}.Release|Any CPU.ActiveCfg = Release|Any CPU
		{7EB68CBD-40DD-4B25-B755-6C4B38ED0900}.Release|Any CPU.Build.0 = Release|Any CPU
		{7EB68CBD-40DD-4B25-B755-6C4B38ED0900}.Release|x64.ActiveCfg = Release|x64
		{7EB68CBD-40DD-4B25-B755-6C4B38ED0900}.Release|x64.Build.0 = Release|x64
		{B76F7E1D-FF27-490A-85F4-9D44BCD625FB}.Debug|Any CPU.ActiveCfg = Debug|Any CPU
		{B76F7E1D-FF27-490A-85F4-9D44BCD625FB}.Debug|Any CPU.Build.0 = Debug|Any CPU
		{B76F7E1D-FF27-490A-85F4-9D44BCD625FB}.Debug|x64.ActiveCfg = Debug|x64
		{B76F7E1D-FF27-490A-85F4-9D44BCD625FB}.Debug|x64.Build.0 = Debug|x64
		{B76F7E1D-FF27-490A-85F4-9D44BCD625FB}.Release|Any CPU.ActiveCfg = Release|Any CPU
		{B76F7E1D-FF27-490A-85F4-9D44BCD625FB}.Release|Any CPU.Build.0 = Release|Any CPU
		{B76F7E1D-FF27-490A-85F4-9D44BCD625FB}.Release|x64.ActiveCfg = Release|x64
		{B76F7E1D-FF27-490A-85F4-9D44BCD625FB}.Release|x64.Build.0 = Release|x64
		{EFA3546C-FE55-4493-A77D-F01CFB1083F5}.Debug|Any CPU.ActiveCfg = Debug|Any CPU
		{EFA3546C-FE55-4493-A77D-F01CFB1083F5}.Debug|Any CPU.Build.0 = Debug|Any CPU
		{EFA3546C-FE55-4493-A77D-F01CFB1083F5}.Debug|x64.ActiveCfg = Debug|x64
		{EFA3546C-FE55-4493-A77D-F01CFB1083F5}.Debug|x64.Build.0 = Debug|x64
		{EFA3546C-FE55-4493-A77D-F01CFB1083F5}.Release|Any CPU.ActiveCfg = Release|Any CPU
		{EFA3546C-FE55-4493-A77D-F01CFB1083F5}.Release|Any CPU.Build.0 = Release|Any CPU
		{EFA3546C-FE55-4493-A77D-F01CFB1083F5}.Release|x64.ActiveCfg = Release|x64
		{EFA3546C-FE55-4493-A77D-F01CFB1083F5}.Release|x64.Build.0 = Release|x64
		{B3E2D973-828C-4B72-B769-D66E4242F1C1}.Debug|Any CPU.ActiveCfg = Debug|Any CPU
		{B3E2D973-828C-4B72-B769-D66E4242F1C1}.Debug|Any CPU.Build.0 = Debug|Any CPU
		{B3E2D973-828C-4B72-B769-D66E4242F1C1}.Debug|x64.ActiveCfg = Debug|x64
		{B3E2D973-828C-4B72-B769-D66E4242F1C1}.Debug|x64.Build.0 = Debug|x64
		{B3E2D973-828C-4B72-B769-D66E4242F1C1}.Release|Any CPU.ActiveCfg = Release|Any CPU
		{B3E2D973-828C-4B72-B769-D66E4242F1C1}.Release|Any CPU.Build.0 = Release|Any CPU
		{B3E2D973-828C-4B72-B769-D66E4242F1C1}.Release|x64.ActiveCfg = Release|x64
		{B3E2D973-828C-4B72-B769-D66E4242F1C1}.Release|x64.Build.0 = Release|x64
		{98BDDE14-8F8C-40CC-9E45-5BAC73573EF4}.Debug|Any CPU.ActiveCfg = Debug|Any CPU
		{98BDDE14-8F8C-40CC-9E45-5BAC73573EF4}.Debug|Any CPU.Build.0 = Debug|Any CPU
		{98BDDE14-8F8C-40CC-9E45-5BAC73573EF4}.Debug|x64.ActiveCfg = Debug|x64
		{98BDDE14-8F8C-40CC-9E45-5BAC73573EF4}.Debug|x64.Build.0 = Debug|x64
		{98BDDE14-8F8C-40CC-9E45-5BAC73573EF4}.Release|Any CPU.ActiveCfg = Release|Any CPU
		{98BDDE14-8F8C-40CC-9E45-5BAC73573EF4}.Release|Any CPU.Build.0 = Release|Any CPU
		{98BDDE14-8F8C-40CC-9E45-5BAC73573EF4}.Release|x64.ActiveCfg = Release|x64
		{98BDDE14-8F8C-40CC-9E45-5BAC73573EF4}.Release|x64.Build.0 = Release|x64
		{1B95717F-2694-4A6F-89F6-54BDFE10FED3}.Debug|Any CPU.ActiveCfg = Debug|Any CPU
		{1B95717F-2694-4A6F-89F6-54BDFE10FED3}.Debug|Any CPU.Build.0 = Debug|Any CPU
		{1B95717F-2694-4A6F-89F6-54BDFE10FED3}.Debug|x64.ActiveCfg = Debug|x64
		{1B95717F-2694-4A6F-89F6-54BDFE10FED3}.Debug|x64.Build.0 = Debug|x64
		{1B95717F-2694-4A6F-89F6-54BDFE10FED3}.Release|Any CPU.ActiveCfg = Release|Any CPU
		{1B95717F-2694-4A6F-89F6-54BDFE10FED3}.Release|Any CPU.Build.0 = Release|Any CPU
		{1B95717F-2694-4A6F-89F6-54BDFE10FED3}.Release|x64.ActiveCfg = Release|x64
		{1B95717F-2694-4A6F-89F6-54BDFE10FED3}.Release|x64.Build.0 = Release|x64
		{7ABFA480-C49F-47AB-9FDD-117AD05F6F6A}.Debug|Any CPU.ActiveCfg = Debug|Any CPU
		{7ABFA480-C49F-47AB-9FDD-117AD05F6F6A}.Debug|Any CPU.Build.0 = Debug|Any CPU
		{7ABFA480-C49F-47AB-9FDD-117AD05F6F6A}.Debug|x64.ActiveCfg = Debug|x64
		{7ABFA480-C49F-47AB-9FDD-117AD05F6F6A}.Debug|x64.Build.0 = Debug|x64
		{7ABFA480-C49F-47AB-9FDD-117AD05F6F6A}.Release|Any CPU.ActiveCfg = Release|Any CPU
		{7ABFA480-C49F-47AB-9FDD-117AD05F6F6A}.Release|Any CPU.Build.0 = Release|Any CPU
		{7ABFA480-C49F-47AB-9FDD-117AD05F6F6A}.Release|x64.ActiveCfg = Release|x64
		{7ABFA480-C49F-47AB-9FDD-117AD05F6F6A}.Release|x64.Build.0 = Release|x64
		{A9DC1A7A-B6B4-4508-88B2-7010610ADEBD}.Debug|Any CPU.ActiveCfg = Debug|Any CPU
		{A9DC1A7A-B6B4-4508-88B2-7010610ADEBD}.Debug|Any CPU.Build.0 = Debug|Any CPU
		{A9DC1A7A-B6B4-4508-88B2-7010610ADEBD}.Debug|x64.ActiveCfg = Debug|x64
		{A9DC1A7A-B6B4-4508-88B2-7010610ADEBD}.Debug|x64.Build.0 = Debug|x64
		{A9DC1A7A-B6B4-4508-88B2-7010610ADEBD}.Release|Any CPU.ActiveCfg = Release|Any CPU
		{A9DC1A7A-B6B4-4508-88B2-7010610ADEBD}.Release|Any CPU.Build.0 = Release|Any CPU
		{A9DC1A7A-B6B4-4508-88B2-7010610ADEBD}.Release|x64.ActiveCfg = Release|x64
		{A9DC1A7A-B6B4-4508-88B2-7010610ADEBD}.Release|x64.Build.0 = Release|x64
		{7A435F8C-31DE-4706-96DB-2ABD69BF5112}.Debug|Any CPU.ActiveCfg = Debug|Any CPU
		{7A435F8C-31DE-4706-96DB-2ABD69BF5112}.Debug|Any CPU.Build.0 = Debug|Any CPU
		{7A435F8C-31DE-4706-96DB-2ABD69BF5112}.Debug|x64.ActiveCfg = Debug|x64
		{7A435F8C-31DE-4706-96DB-2ABD69BF5112}.Debug|x64.Build.0 = Debug|x64
		{7A435F8C-31DE-4706-96DB-2ABD69BF5112}.Release|Any CPU.ActiveCfg = Release|Any CPU
		{7A435F8C-31DE-4706-96DB-2ABD69BF5112}.Release|Any CPU.Build.0 = Release|Any CPU
		{7A435F8C-31DE-4706-96DB-2ABD69BF5112}.Release|x64.ActiveCfg = Release|x64
		{7A435F8C-31DE-4706-96DB-2ABD69BF5112}.Release|x64.Build.0 = Release|x64
		{507082FB-5D9A-49DB-8D27-970A51914FD0}.Debug|Any CPU.ActiveCfg = Debug|Any CPU
		{507082FB-5D9A-49DB-8D27-970A51914FD0}.Debug|Any CPU.Build.0 = Debug|Any CPU
		{507082FB-5D9A-49DB-8D27-970A51914FD0}.Debug|x64.ActiveCfg = Debug|x64
		{507082FB-5D9A-49DB-8D27-970A51914FD0}.Debug|x64.Build.0 = Debug|x64
		{507082FB-5D9A-49DB-8D27-970A51914FD0}.Release|Any CPU.ActiveCfg = Release|Any CPU
		{507082FB-5D9A-49DB-8D27-970A51914FD0}.Release|Any CPU.Build.0 = Release|Any CPU
		{507082FB-5D9A-49DB-8D27-970A51914FD0}.Release|x64.ActiveCfg = Release|x64
		{507082FB-5D9A-49DB-8D27-970A51914FD0}.Release|x64.Build.0 = Release|x64
		{448FC0E9-B263-4BFF-8763-522CED31A1E9}.Debug|Any CPU.ActiveCfg = Debug|Any CPU
		{448FC0E9-B263-4BFF-8763-522CED31A1E9}.Debug|Any CPU.Build.0 = Debug|Any CPU
		{448FC0E9-B263-4BFF-8763-522CED31A1E9}.Debug|x64.ActiveCfg = Debug|x64
		{448FC0E9-B263-4BFF-8763-522CED31A1E9}.Debug|x64.Build.0 = Debug|x64
		{448FC0E9-B263-4BFF-8763-522CED31A1E9}.Release|Any CPU.ActiveCfg = Release|Any CPU
		{448FC0E9-B263-4BFF-8763-522CED31A1E9}.Release|Any CPU.Build.0 = Release|Any CPU
		{448FC0E9-B263-4BFF-8763-522CED31A1E9}.Release|x64.ActiveCfg = Release|x64
		{448FC0E9-B263-4BFF-8763-522CED31A1E9}.Release|x64.Build.0 = Release|x64
		{FF68AE0D-C74E-4562-8227-079508042ED8}.Debug|Any CPU.ActiveCfg = Debug|Any CPU
		{FF68AE0D-C74E-4562-8227-079508042ED8}.Debug|Any CPU.Build.0 = Debug|Any CPU
		{FF68AE0D-C74E-4562-8227-079508042ED8}.Debug|x64.ActiveCfg = Debug|x64
		{FF68AE0D-C74E-4562-8227-079508042ED8}.Debug|x64.Build.0 = Debug|x64
		{FF68AE0D-C74E-4562-8227-079508042ED8}.Release|Any CPU.ActiveCfg = Release|Any CPU
		{FF68AE0D-C74E-4562-8227-079508042ED8}.Release|Any CPU.Build.0 = Release|Any CPU
		{FF68AE0D-C74E-4562-8227-079508042ED8}.Release|x64.ActiveCfg = Release|x64
		{FF68AE0D-C74E-4562-8227-079508042ED8}.Release|x64.Build.0 = Release|x64
		{4344759A-1F88-48DD-89D9-866C3EBFB724}.Debug|Any CPU.ActiveCfg = Debug|Any CPU
		{4344759A-1F88-48DD-89D9-866C3EBFB724}.Debug|Any CPU.Build.0 = Debug|Any CPU
		{4344759A-1F88-48DD-89D9-866C3EBFB724}.Debug|x64.ActiveCfg = Debug|x64
		{4344759A-1F88-48DD-89D9-866C3EBFB724}.Debug|x64.Build.0 = Debug|x64
		{4344759A-1F88-48DD-89D9-866C3EBFB724}.Release|Any CPU.ActiveCfg = Release|Any CPU
		{4344759A-1F88-48DD-89D9-866C3EBFB724}.Release|Any CPU.Build.0 = Release|Any CPU
		{4344759A-1F88-48DD-89D9-866C3EBFB724}.Release|x64.ActiveCfg = Release|x64
		{4344759A-1F88-48DD-89D9-866C3EBFB724}.Release|x64.Build.0 = Release|x64
		{E6C46218-1750-4EEE-8BA9-7812AA29205C}.Debug|Any CPU.ActiveCfg = Debug|Any CPU
		{E6C46218-1750-4EEE-8BA9-7812AA29205C}.Debug|Any CPU.Build.0 = Debug|Any CPU
		{E6C46218-1750-4EEE-8BA9-7812AA29205C}.Debug|x64.ActiveCfg = Debug|x64
		{E6C46218-1750-4EEE-8BA9-7812AA29205C}.Debug|x64.Build.0 = Debug|x64
		{E6C46218-1750-4EEE-8BA9-7812AA29205C}.Release|Any CPU.ActiveCfg = Release|Any CPU
		{E6C46218-1750-4EEE-8BA9-7812AA29205C}.Release|Any CPU.Build.0 = Release|Any CPU
		{E6C46218-1750-4EEE-8BA9-7812AA29205C}.Release|x64.ActiveCfg = Release|x64
		{E6C46218-1750-4EEE-8BA9-7812AA29205C}.Release|x64.Build.0 = Release|x64
		{EEEB9731-4FC4-49E5-9642-270480E7313E}.Debug|Any CPU.ActiveCfg = Debug|Any CPU
		{EEEB9731-4FC4-49E5-9642-270480E7313E}.Debug|Any CPU.Build.0 = Debug|Any CPU
		{EEEB9731-4FC4-49E5-9642-270480E7313E}.Debug|x64.ActiveCfg = Debug|x64
		{EEEB9731-4FC4-49E5-9642-270480E7313E}.Debug|x64.Build.0 = Debug|x64
		{EEEB9731-4FC4-49E5-9642-270480E7313E}.Release|Any CPU.ActiveCfg = Release|Any CPU
		{EEEB9731-4FC4-49E5-9642-270480E7313E}.Release|Any CPU.Build.0 = Release|Any CPU
		{EEEB9731-4FC4-49E5-9642-270480E7313E}.Release|x64.ActiveCfg = Release|x64
		{EEEB9731-4FC4-49E5-9642-270480E7313E}.Release|x64.Build.0 = Release|x64
		{CFF792DE-8B22-4D2C-8D35-4ABBEDEC3B46}.Debug|Any CPU.ActiveCfg = Debug|Any CPU
		{CFF792DE-8B22-4D2C-8D35-4ABBEDEC3B46}.Debug|Any CPU.Build.0 = Debug|Any CPU
		{CFF792DE-8B22-4D2C-8D35-4ABBEDEC3B46}.Debug|x64.ActiveCfg = Debug|x64
		{CFF792DE-8B22-4D2C-8D35-4ABBEDEC3B46}.Debug|x64.Build.0 = Debug|x64
		{CFF792DE-8B22-4D2C-8D35-4ABBEDEC3B46}.Release|Any CPU.ActiveCfg = Release|Any CPU
		{CFF792DE-8B22-4D2C-8D35-4ABBEDEC3B46}.Release|Any CPU.Build.0 = Release|Any CPU
		{CFF792DE-8B22-4D2C-8D35-4ABBEDEC3B46}.Release|x64.ActiveCfg = Release|x64
		{CFF792DE-8B22-4D2C-8D35-4ABBEDEC3B46}.Release|x64.Build.0 = Release|x64
		{B7F8A96C-6A43-4F49-9EE3-282967DE0B6F}.Debug|Any CPU.ActiveCfg = Debug|Any CPU
		{B7F8A96C-6A43-4F49-9EE3-282967DE0B6F}.Debug|Any CPU.Build.0 = Debug|Any CPU
		{B7F8A96C-6A43-4F49-9EE3-282967DE0B6F}.Debug|x64.ActiveCfg = Debug|x64
		{B7F8A96C-6A43-4F49-9EE3-282967DE0B6F}.Debug|x64.Build.0 = Debug|x64
		{B7F8A96C-6A43-4F49-9EE3-282967DE0B6F}.Release|Any CPU.ActiveCfg = Release|Any CPU
		{B7F8A96C-6A43-4F49-9EE3-282967DE0B6F}.Release|Any CPU.Build.0 = Release|Any CPU
		{B7F8A96C-6A43-4F49-9EE3-282967DE0B6F}.Release|x64.ActiveCfg = Release|x64
		{B7F8A96C-6A43-4F49-9EE3-282967DE0B6F}.Release|x64.Build.0 = Release|x64
		{10265B58-E04F-4DAB-B1E6-DCC260328BD4}.Debug|Any CPU.ActiveCfg = Debug|Any CPU
		{10265B58-E04F-4DAB-B1E6-DCC260328BD4}.Debug|Any CPU.Build.0 = Debug|Any CPU
		{10265B58-E04F-4DAB-B1E6-DCC260328BD4}.Debug|x64.ActiveCfg = Debug|x64
		{10265B58-E04F-4DAB-B1E6-DCC260328BD4}.Debug|x64.Build.0 = Debug|x64
		{10265B58-E04F-4DAB-B1E6-DCC260328BD4}.Release|Any CPU.ActiveCfg = Release|Any CPU
		{10265B58-E04F-4DAB-B1E6-DCC260328BD4}.Release|Any CPU.Build.0 = Release|Any CPU
		{10265B58-E04F-4DAB-B1E6-DCC260328BD4}.Release|x64.ActiveCfg = Release|x64
		{10265B58-E04F-4DAB-B1E6-DCC260328BD4}.Release|x64.Build.0 = Release|x64
		{331DACA2-F30E-418F-9F6D-6F137967E212}.Debug|Any CPU.ActiveCfg = Debug|Any CPU
		{331DACA2-F30E-418F-9F6D-6F137967E212}.Debug|Any CPU.Build.0 = Debug|Any CPU
		{331DACA2-F30E-418F-9F6D-6F137967E212}.Debug|x64.ActiveCfg = Debug|x64
		{331DACA2-F30E-418F-9F6D-6F137967E212}.Debug|x64.Build.0 = Debug|x64
		{331DACA2-F30E-418F-9F6D-6F137967E212}.Release|Any CPU.ActiveCfg = Release|Any CPU
		{331DACA2-F30E-418F-9F6D-6F137967E212}.Release|Any CPU.Build.0 = Release|Any CPU
		{331DACA2-F30E-418F-9F6D-6F137967E212}.Release|x64.ActiveCfg = Release|x64
		{331DACA2-F30E-418F-9F6D-6F137967E212}.Release|x64.Build.0 = Release|x64
		{842E7E0A-D9EA-49E0-8725-9A9024E421A8}.Debug|Any CPU.ActiveCfg = Debug|Any CPU
		{842E7E0A-D9EA-49E0-8725-9A9024E421A8}.Debug|Any CPU.Build.0 = Debug|Any CPU
		{842E7E0A-D9EA-49E0-8725-9A9024E421A8}.Debug|x64.ActiveCfg = Debug|x64
		{842E7E0A-D9EA-49E0-8725-9A9024E421A8}.Debug|x64.Build.0 = Debug|x64
		{842E7E0A-D9EA-49E0-8725-9A9024E421A8}.Release|Any CPU.ActiveCfg = Release|Any CPU
		{842E7E0A-D9EA-49E0-8725-9A9024E421A8}.Release|Any CPU.Build.0 = Release|Any CPU
		{842E7E0A-D9EA-49E0-8725-9A9024E421A8}.Release|x64.ActiveCfg = Release|x64
		{842E7E0A-D9EA-49E0-8725-9A9024E421A8}.Release|x64.Build.0 = Release|x64
		{00ECE866-314C-4241-B774-146D02BB04AB}.Debug|Any CPU.ActiveCfg = Debug|Any CPU
		{00ECE866-314C-4241-B774-146D02BB04AB}.Debug|Any CPU.Build.0 = Debug|Any CPU
		{00ECE866-314C-4241-B774-146D02BB04AB}.Debug|x64.ActiveCfg = Debug|x64
		{00ECE866-314C-4241-B774-146D02BB04AB}.Debug|x64.Build.0 = Debug|x64
		{00ECE866-314C-4241-B774-146D02BB04AB}.Release|Any CPU.ActiveCfg = Release|Any CPU
		{00ECE866-314C-4241-B774-146D02BB04AB}.Release|Any CPU.Build.0 = Release|Any CPU
		{00ECE866-314C-4241-B774-146D02BB04AB}.Release|x64.ActiveCfg = Release|x64
		{00ECE866-314C-4241-B774-146D02BB04AB}.Release|x64.Build.0 = Release|x64
		{03C162F8-7FBA-4CB0-8891-43C79167F0A1}.Debug|Any CPU.ActiveCfg = Debug|Any CPU
		{03C162F8-7FBA-4CB0-8891-43C79167F0A1}.Debug|Any CPU.Build.0 = Debug|Any CPU
		{03C162F8-7FBA-4CB0-8891-43C79167F0A1}.Debug|x64.ActiveCfg = Debug|x64
		{03C162F8-7FBA-4CB0-8891-43C79167F0A1}.Debug|x64.Build.0 = Debug|x64
		{03C162F8-7FBA-4CB0-8891-43C79167F0A1}.Release|Any CPU.ActiveCfg = Release|Any CPU
		{03C162F8-7FBA-4CB0-8891-43C79167F0A1}.Release|Any CPU.Build.0 = Release|Any CPU
		{03C162F8-7FBA-4CB0-8891-43C79167F0A1}.Release|x64.ActiveCfg = Release|x64
		{03C162F8-7FBA-4CB0-8891-43C79167F0A1}.Release|x64.Build.0 = Release|x64
		{1A3B6E97-4AC0-46D7-889A-170810CD89B1}.Debug|Any CPU.ActiveCfg = Debug|Any CPU
		{1A3B6E97-4AC0-46D7-889A-170810CD89B1}.Debug|Any CPU.Build.0 = Debug|Any CPU
		{1A3B6E97-4AC0-46D7-889A-170810CD89B1}.Debug|x64.ActiveCfg = Debug|x64
		{1A3B6E97-4AC0-46D7-889A-170810CD89B1}.Debug|x64.Build.0 = Debug|x64
		{1A3B6E97-4AC0-46D7-889A-170810CD89B1}.Release|Any CPU.ActiveCfg = Release|Any CPU
		{1A3B6E97-4AC0-46D7-889A-170810CD89B1}.Release|Any CPU.Build.0 = Release|Any CPU
		{1A3B6E97-4AC0-46D7-889A-170810CD89B1}.Release|x64.ActiveCfg = Release|x64
		{1A3B6E97-4AC0-46D7-889A-170810CD89B1}.Release|x64.Build.0 = Release|x64
		{C8207632-3427-4728-ACDD-88CFC78B337B}.Debug|Any CPU.ActiveCfg = Debug|Any CPU
		{C8207632-3427-4728-ACDD-88CFC78B337B}.Debug|Any CPU.Build.0 = Debug|Any CPU
		{C8207632-3427-4728-ACDD-88CFC78B337B}.Debug|x64.ActiveCfg = Debug|x64
		{C8207632-3427-4728-ACDD-88CFC78B337B}.Debug|x64.Build.0 = Debug|x64
		{C8207632-3427-4728-ACDD-88CFC78B337B}.Release|Any CPU.ActiveCfg = Release|Any CPU
		{C8207632-3427-4728-ACDD-88CFC78B337B}.Release|Any CPU.Build.0 = Release|Any CPU
		{C8207632-3427-4728-ACDD-88CFC78B337B}.Release|x64.ActiveCfg = Release|x64
		{C8207632-3427-4728-ACDD-88CFC78B337B}.Release|x64.Build.0 = Release|x64
		{216F8D6A-FC11-4FA2-AC09-9BC93CE9DE49}.Debug|Any CPU.ActiveCfg = Debug|Any CPU
		{216F8D6A-FC11-4FA2-AC09-9BC93CE9DE49}.Debug|Any CPU.Build.0 = Debug|Any CPU
		{216F8D6A-FC11-4FA2-AC09-9BC93CE9DE49}.Debug|x64.ActiveCfg = Debug|x64
		{216F8D6A-FC11-4FA2-AC09-9BC93CE9DE49}.Debug|x64.Build.0 = Debug|x64
		{216F8D6A-FC11-4FA2-AC09-9BC93CE9DE49}.Release|Any CPU.ActiveCfg = Release|Any CPU
		{216F8D6A-FC11-4FA2-AC09-9BC93CE9DE49}.Release|Any CPU.Build.0 = Release|Any CPU
		{216F8D6A-FC11-4FA2-AC09-9BC93CE9DE49}.Release|x64.ActiveCfg = Release|x64
		{216F8D6A-FC11-4FA2-AC09-9BC93CE9DE49}.Release|x64.Build.0 = Release|x64
		{B744755F-3BAF-4D7E-813A-CFE8877FCBC7}.Debug|Any CPU.ActiveCfg = Debug|Any CPU
		{B744755F-3BAF-4D7E-813A-CFE8877FCBC7}.Debug|Any CPU.Build.0 = Debug|Any CPU
		{B744755F-3BAF-4D7E-813A-CFE8877FCBC7}.Debug|x64.ActiveCfg = Debug|x64
		{B744755F-3BAF-4D7E-813A-CFE8877FCBC7}.Debug|x64.Build.0 = Debug|x64
		{B744755F-3BAF-4D7E-813A-CFE8877FCBC7}.Release|Any CPU.ActiveCfg = Release|Any CPU
		{B744755F-3BAF-4D7E-813A-CFE8877FCBC7}.Release|Any CPU.Build.0 = Release|Any CPU
		{B744755F-3BAF-4D7E-813A-CFE8877FCBC7}.Release|x64.ActiveCfg = Release|x64
		{B744755F-3BAF-4D7E-813A-CFE8877FCBC7}.Release|x64.Build.0 = Release|x64
		{A8CCA12E-0DBC-48C4-915E-3818568E0567}.Debug|Any CPU.ActiveCfg = Debug|Any CPU
		{A8CCA12E-0DBC-48C4-915E-3818568E0567}.Debug|Any CPU.Build.0 = Debug|Any CPU
		{A8CCA12E-0DBC-48C4-915E-3818568E0567}.Debug|x64.ActiveCfg = Debug|x64
		{A8CCA12E-0DBC-48C4-915E-3818568E0567}.Debug|x64.Build.0 = Debug|x64
		{A8CCA12E-0DBC-48C4-915E-3818568E0567}.Release|Any CPU.ActiveCfg = Release|Any CPU
		{A8CCA12E-0DBC-48C4-915E-3818568E0567}.Release|Any CPU.Build.0 = Release|Any CPU
		{A8CCA12E-0DBC-48C4-915E-3818568E0567}.Release|x64.ActiveCfg = Release|x64
		{A8CCA12E-0DBC-48C4-915E-3818568E0567}.Release|x64.Build.0 = Release|x64
	EndGlobalSection
	GlobalSection(SolutionProperties) = preSolution
		HideSolutionNode = FALSE
	EndGlobalSection
	GlobalSection(NestedProjects) = preSolution
		{22147816-9711-4B6F-8919-D0052D70725E} = {CF871057-FC3D-405B-AB29-F5FABE907AB2}
		{99CBB942-FCC2-4F31-8703-C642F9F015E3} = {50344698-DE70-46A0-8535-B00307E8EE9D}
		{67CDC396-907A-43A1-A0F3-4DA6C0850A59} = {4F2B0B81-F55B-43E3-A681-DDFF33019F1E}
		{6A63AC7E-1C33-4A7D-9123-8C1DBD9A7AD9} = {4F2B0B81-F55B-43E3-A681-DDFF33019F1E}
		{B064BAC8-7269-4249-9630-72AD6EB09C78} = {8538660F-A146-4BC7-91D0-17C4714821B9}
		{59F28105-791E-4C9F-9C7C-B8A6900B1EE4} = {73F05CD7-4F46-45CB-BF54-13D1D270DA9D}
		{D55C98D3-7921-41F8-8408-AE55A67A8881} = {73F05CD7-4F46-45CB-BF54-13D1D270DA9D}
		{DED7788D-2B57-4D84-9A33-2E83585C4B71} = {73F05CD7-4F46-45CB-BF54-13D1D270DA9D}
		{6A6FA218-A80A-496C-8270-61D4B498DE7C} = {73F05CD7-4F46-45CB-BF54-13D1D270DA9D}
		{7EB68CBD-40DD-4B25-B755-6C4B38ED0900} = {73F05CD7-4F46-45CB-BF54-13D1D270DA9D}
		{B76F7E1D-FF27-490A-85F4-9D44BCD625FB} = {73F05CD7-4F46-45CB-BF54-13D1D270DA9D}
		{EFA3546C-FE55-4493-A77D-F01CFB1083F5} = {73F05CD7-4F46-45CB-BF54-13D1D270DA9D}
		{B3E2D973-828C-4B72-B769-D66E4242F1C1} = {73F05CD7-4F46-45CB-BF54-13D1D270DA9D}
		{98BDDE14-8F8C-40CC-9E45-5BAC73573EF4} = {73F05CD7-4F46-45CB-BF54-13D1D270DA9D}
		{1B95717F-2694-4A6F-89F6-54BDFE10FED3} = {73F05CD7-4F46-45CB-BF54-13D1D270DA9D}
		{7ABFA480-C49F-47AB-9FDD-117AD05F6F6A} = {73F05CD7-4F46-45CB-BF54-13D1D270DA9D}
		{A9DC1A7A-B6B4-4508-88B2-7010610ADEBD} = {73F05CD7-4F46-45CB-BF54-13D1D270DA9D}
		{7A435F8C-31DE-4706-96DB-2ABD69BF5112} = {73F05CD7-4F46-45CB-BF54-13D1D270DA9D}
		{507082FB-5D9A-49DB-8D27-970A51914FD0} = {1188677D-9EC0-40DC-8B74-41B96AED6D1C}
		{448FC0E9-B263-4BFF-8763-522CED31A1E9} = {1188677D-9EC0-40DC-8B74-41B96AED6D1C}
		{FF68AE0D-C74E-4562-8227-079508042ED8} = {1188677D-9EC0-40DC-8B74-41B96AED6D1C}
		{4344759A-1F88-48DD-89D9-866C3EBFB724} = {1188677D-9EC0-40DC-8B74-41B96AED6D1C}
		{E6C46218-1750-4EEE-8BA9-7812AA29205C} = {1188677D-9EC0-40DC-8B74-41B96AED6D1C}
		{EEEB9731-4FC4-49E5-9642-270480E7313E} = {1188677D-9EC0-40DC-8B74-41B96AED6D1C}
		{CFF792DE-8B22-4D2C-8D35-4ABBEDEC3B46} = {1188677D-9EC0-40DC-8B74-41B96AED6D1C}
		{B7F8A96C-6A43-4F49-9EE3-282967DE0B6F} = {1188677D-9EC0-40DC-8B74-41B96AED6D1C}
		{10265B58-E04F-4DAB-B1E6-DCC260328BD4} = {1188677D-9EC0-40DC-8B74-41B96AED6D1C}
		{331DACA2-F30E-418F-9F6D-6F137967E212} = {1188677D-9EC0-40DC-8B74-41B96AED6D1C}
		{842E7E0A-D9EA-49E0-8725-9A9024E421A8} = {1188677D-9EC0-40DC-8B74-41B96AED6D1C}
		{00ECE866-314C-4241-B774-146D02BB04AB} = {1188677D-9EC0-40DC-8B74-41B96AED6D1C}
		{03C162F8-7FBA-4CB0-8891-43C79167F0A1} = {1188677D-9EC0-40DC-8B74-41B96AED6D1C}
		{1A3B6E97-4AC0-46D7-889A-170810CD89B1} = {1188677D-9EC0-40DC-8B74-41B96AED6D1C}
		{C8207632-3427-4728-ACDD-88CFC78B337B} = {73F05CD7-4F46-45CB-BF54-13D1D270DA9D}
		{216F8D6A-FC11-4FA2-AC09-9BC93CE9DE49} = {73F05CD7-4F46-45CB-BF54-13D1D270DA9D}
		{B744755F-3BAF-4D7E-813A-CFE8877FCBC7} = {CF871057-FC3D-405B-AB29-F5FABE907AB2}
		{A8CCA12E-0DBC-48C4-915E-3818568E0567} = {73F05CD7-4F46-45CB-BF54-13D1D270DA9D}
	EndGlobalSection
	GlobalSection(TeamFoundationVersionControl) = preSolution
		SccNumberOfProjects = 38
		SccEnterpriseProvider = {4CA58AB2-18FA-4F8D-95D4-32DDF27D184C}
		SccTeamFoundationServer = https://massachusetts.visualstudio.com/
		SccLocalPath0 = .
		SccProjectUniqueName1 = Application.Brainwave\\Brainwave.Common\\InTheHand.Net.Personal\\InTheHand.Net.Personal.FX2.csproj
		SccProjectTopLevelParentUniqueName1 = BrainwaveApplication.sln
		SccProjectName1 = Application.Brainwave/Brainwave.Common/InTheHand.Net.Personal
		SccLocalPath1 = Application.Brainwave\\Brainwave.Common\\InTheHand.Net.Personal
		SccProjectUniqueName2 = Application.Brainwave\\Brainwave.Common\\Brainwave.Infrastructure\\Brainwave.Infrastructure.csproj
		SccProjectTopLevelParentUniqueName2 = BrainwaveApplication.sln
		SccProjectName2 = Application.Brainwave/Brainwave.Common/Brainwave.Infrastructure
		SccLocalPath2 = Application.Brainwave\\Brainwave.Common\\Brainwave.Infrastructure
		SccProjectUniqueName3 = Application.Brainwave\\Brainwave.Common\\Brainwave.Helper\\Brainwave.Helper.csproj
		SccProjectTopLevelParentUniqueName3 = BrainwaveApplication.sln
		SccProjectName3 = Application.Brainwave/Brainwave.Common/Brainwave.Helper
		SccLocalPath3 = Application.Brainwave\\Brainwave.Common\\Brainwave.Helper
		SccProjectUniqueName4 = Application.Brainwave\\Brainwave.Common\\Brainwave.IO\\Brainwave.IO\\Brainwave.IO.csproj
		SccProjectTopLevelParentUniqueName4 = BrainwaveApplication.sln
		SccProjectName4 = Application.Brainwave/Brainwave.Common/Brainwave.IO/Brainwave.IO
		SccLocalPath4 = Application.Brainwave\\Brainwave.Common\\Brainwave.IO\\Brainwave.IO
		SccProjectUniqueName5 = Application.Brainwave\\Brainwave.Common\\Brainwave.DataSet\\Brainwave.DataSet.csproj
		SccProjectTopLevelParentUniqueName5 = BrainwaveApplication.sln
		SccProjectName5 = Application.Brainwave/Brainwave.Common/Brainwave.DataSet
		SccLocalPath5 = Application.Brainwave\\Brainwave.Common\\Brainwave.DataSet
		SccProjectUniqueName6 = Application.Brainwave\\Brainwave.Common\\Brainwave.Controls\\Brainwave.Controls.csproj
		SccProjectTopLevelParentUniqueName6 = BrainwaveApplication.sln
		SccProjectName6 = Application.Brainwave/Brainwave.Common/Brainwave.Controls
		SccLocalPath6 = Application.Brainwave\\Brainwave.Common\\Brainwave.Controls
		SccProjectUniqueName7 = Application.Brainwave\\Brainwave.Common\\Brainwave.PaggerControl\\Brainwave.PaggerControl.csproj
		SccProjectTopLevelParentUniqueName7 = BrainwaveApplication.sln
		SccProjectName7 = Application.Brainwave/Brainwave.Common/Brainwave.PaggerControl
		SccLocalPath7 = Application.Brainwave\\Brainwave.Common\\Brainwave.PaggerControl
		SccProjectUniqueName8 = Application.Brainwave\\Brainwave.Common\\Brainwave.GridControl_v4\\Brainwave.GridControl_v4.csproj
		SccProjectTopLevelParentUniqueName8 = BrainwaveApplication.sln
		SccProjectName8 = Application.Brainwave/Brainwave.Common/Brainwave.GridControl_v4
		SccLocalPath8 = Application.Brainwave\\Brainwave.Common\\Brainwave.GridControl_v4
		SccProjectUniqueName9 = Application.Brainwave\\Brainwave.Common\\Brainwave.Language\\Brainwave.Language.csproj
		SccProjectTopLevelParentUniqueName9 = BrainwaveApplication.sln
		SccProjectName9 = Application.Brainwave/Brainwave.Common/Brainwave.Language
		SccLocalPath9 = Application.Brainwave\\Brainwave.Common\\Brainwave.Language
		SccProjectUniqueName10 = Application.Brainwave\\Brainwave.Common\\Brainwave.Logging\\Brainwave.Logging.csproj
		SccProjectTopLevelParentUniqueName10 = BrainwaveApplication.sln
		SccProjectName10 = Application.Brainwave/Brainwave.Common/Brainwave.Logging
		SccLocalPath10 = Application.Brainwave\\Brainwave.Common\\Brainwave.Logging
		SccProjectUniqueName11 = Application.Brainwave\\Brainwave.Common\\Brainwave.Network\\Brainwave.Network.csproj
		SccProjectTopLevelParentUniqueName11 = BrainwaveApplication.sln
		SccProjectName11 = Application.Brainwave/Brainwave.Common/Brainwave.Network
		SccLocalPath11 = Application.Brainwave\\Brainwave.Common\\Brainwave.Network
		SccProjectUniqueName12 = Application.Brainwave\\Brainwave.Modules\\Brainwave.Business\\Brainwave.Business.csproj
		SccProjectTopLevelParentUniqueName12 = BrainwaveApplication.sln
		SccProjectName12 = Application.Brainwave/Brainwave.Modules/Brainwave.Business
		SccLocalPath12 = Application.Brainwave\\Brainwave.Modules\\Brainwave.Business
		SccProjectUniqueName13 = Application.Brainwave\\Brainwave.Common\\ImageEditor\\ImageEditor.csproj
		SccProjectTopLevelParentUniqueName13 = BrainwaveApplication.sln
		SccProjectName13 = Application.Brainwave/Brainwave.Common/ImageEditor
		SccLocalPath13 = Application.Brainwave\\Brainwave.Common\\ImageEditor
		SccProjectUniqueName14 = Application.Brainwave\\Brainwave.Common\\Brainwave.Xml\\Brainwave.Xml.csproj
		SccProjectTopLevelParentUniqueName14 = BrainwaveApplication.sln
		SccProjectName14 = Application.Brainwave/Brainwave.Common/Brainwave.Xml
		SccLocalPath14 = Application.Brainwave\\Brainwave.Common\\Brainwave.Xml
		SccProjectUniqueName15 = Application.Brainwave\\Brainwave.Modules\\Brainwave.Analysis\\Brainwave.Analysis.csproj
		SccProjectTopLevelParentUniqueName15 = BrainwaveApplication.sln
		SccProjectName15 = Application.Brainwave/Brainwave.Modules/Brainwave.Analysis
		SccLocalPath15 = Application.Brainwave\\Brainwave.Modules\\Brainwave.Analysis
		SccProjectUniqueName16 = Application.Brainwave\\Brainwave.Modules\\Brainwave.AnalysisScreen\\Brainwave.AnalysisScreen.csproj
		SccProjectTopLevelParentUniqueName16 = BrainwaveApplication.sln
		SccProjectName16 = Application.Brainwave/Brainwave.Modules/Brainwave.AnalysisScreen
		SccLocalPath16 = Application.Brainwave\\Brainwave.Modules\\Brainwave.AnalysisScreen
		SccProjectUniqueName17 = Application.Brainwave\\Brainwave.Modules\\Brainwave.Bluetooth-Devices\\Brainwave.BluetoothDevices.csproj
		SccProjectTopLevelParentUniqueName17 = BrainwaveApplication.sln
		SccProjectName17 = Application.Brainwave/Brainwave.Modules/Brainwave.Bluetooth-Devices
		SccLocalPath17 = Application.Brainwave\\Brainwave.Modules\\Brainwave.Bluetooth-Devices
		SccProjectUniqueName18 = Application.Brainwave\\Brainwave.Modules\\Brainwave.CaseFact\\Brainwave.CaseFact.csproj
		SccProjectTopLevelParentUniqueName18 = BrainwaveApplication.sln
		SccProjectName18 = Application.Brainwave/Brainwave.Modules/Brainwave.CaseFact
		SccLocalPath18 = Application.Brainwave\\Brainwave.Modules\\Brainwave.CaseFact
		SccProjectUniqueName19 = Application.Brainwave\\Brainwave.Modules\\Brainwave.Case\\Brainwave.Case.csproj
		SccProjectTopLevelParentUniqueName19 = BrainwaveApplication.sln
		SccProjectName19 = Application.Brainwave/Brainwave.Modules/Brainwave.Case
		SccLocalPath19 = Application.Brainwave\\Brainwave.Modules\\Brainwave.Case
		SccProjectUniqueName20 = Application.Brainwave\\Brainwave.Modules\\Brainwave.Help\\Brainwave.Help.csproj
		SccProjectTopLevelParentUniqueName20 = BrainwaveApplication.sln
		SccProjectName20 = Application.Brainwave/Brainwave.Modules/Brainwave.Help
		SccLocalPath20 = Application.Brainwave\\Brainwave.Modules\\Brainwave.Help
		SccProjectUniqueName21 = Application.Brainwave\\Brainwave.Modules\\Brainwave.Review\\Brainwave.Review.csproj
		SccProjectTopLevelParentUniqueName21 = BrainwaveApplication.sln
		SccProjectName21 = Application.Brainwave/Brainwave.Modules/Brainwave.Review
		SccLocalPath21 = Application.Brainwave\\Brainwave.Modules\\Brainwave.Review
		SccProjectUniqueName22 = Application.Brainwave\\Brainwave.Modules\\Brainwave.SubjectInstructions\\Brainwave.SubjectInstructions.csproj
		SccProjectTopLevelParentUniqueName22 = BrainwaveApplication.sln
		SccProjectName22 = Application.Brainwave/Brainwave.Modules/Brainwave.SubjectInstructions
		SccLocalPath22 = Application.Brainwave\\Brainwave.Modules\\Brainwave.SubjectInstructions
		SccProjectUniqueName23 = Application.Brainwave\\Brainwave.Common\\Brainwave.FingerPrint\\Brainwave.FingerPrint.csproj
		SccProjectTopLevelParentUniqueName23 = BrainwaveApplication.sln
		SccProjectName23 = Application.Brainwave/Brainwave.Common/Brainwave.FingerPrint
		SccLocalPath23 = Application.Brainwave\\Brainwave.Common\\Brainwave.FingerPrint
		SccProjectUniqueName24 = Application.Brainwave\\Brainwave.Common\\Brainwave.WebCam\\Brainwave.WebCam.csproj
		SccProjectTopLevelParentUniqueName24 = BrainwaveApplication.sln
		SccProjectName24 = Application.Brainwave/Brainwave.Common/Brainwave.WebCam
		SccLocalPath24 = Application.Brainwave\\Brainwave.Common\\Brainwave.WebCam
		SccProjectUniqueName25 = Application.Brainwave\\Brainwave.Modules\\Brainwave.Subject\\Brainwave.Subject.csproj
		SccProjectTopLevelParentUniqueName25 = BrainwaveApplication.sln
		SccProjectName25 = Application.Brainwave/Brainwave.Modules/Brainwave.Subject
		SccLocalPath25 = Application.Brainwave\\Brainwave.Modules\\Brainwave.Subject
		SccProjectUniqueName26 = Application.Brainwave\\Brainwave.Modules\\Brainwave.TestProtocol\\Brainwave.TestProtocol.csproj
		SccProjectTopLevelParentUniqueName26 = BrainwaveApplication.sln
		SccProjectName26 = Application.Brainwave/Brainwave.Modules/Brainwave.TestProtocol
		SccLocalPath26 = Application.Brainwave\\Brainwave.Modules\\Brainwave.TestProtocol
		SccProjectUniqueName27 = Application.Brainwave\\Brainwave.Modules\\Brainwave.TestSetup\\Brainwave.TestSetup.csproj
		SccProjectTopLevelParentUniqueName27 = BrainwaveApplication.sln
		SccProjectName27 = Application.Brainwave/Brainwave.Modules/Brainwave.TestSetup
		SccLocalPath27 = Application.Brainwave\\Brainwave.Modules\\Brainwave.TestSetup
		SccProjectUniqueName28 = Application.Brainwave\\Brainwave.Modules\\Brainwave.Test\\Brainwave.Test.csproj
		SccProjectTopLevelParentUniqueName28 = BrainwaveApplication.sln
		SccProjectName28 = Application.Brainwave/Brainwave.Modules/Brainwave.Test
		SccLocalPath28 = Application.Brainwave\\Brainwave.Modules\\Brainwave.Test
		SccProjectUniqueName29 = Application.Brainwave\\Brainwave.Modules\\Brainwave.UserPreferences\\Brainwave.UserPreferences.csproj
		SccProjectTopLevelParentUniqueName29 = BrainwaveApplication.sln
		SccProjectName29 = Application.Brainwave/Brainwave.Modules/Brainwave.UserPreferences
		SccLocalPath29 = Application.Brainwave\\Brainwave.Modules\\Brainwave.UserPreferences
		SccProjectUniqueName30 = Application.Brainwave\\Brainwave.Shell\\Brainwave.Main.csproj
		SccProjectName30 = Application.Brainwave/Brainwave.Shell
		SccLocalPath30 = Application.Brainwave\\Brainwave.Shell
		SccProjectUniqueName31 = Application.Capture\\Capture\\Brainwave.Capture.csproj
		SccProjectTopLevelParentUniqueName31 = BrainwaveApplication.sln
		SccProjectName31 = Application.Capture/Capture
		SccLocalPath31 = Application.Capture\\Capture
		SccProjectUniqueName32 = Application.Headset\\Headset_Status\\Brainwave.HeadsetStatus.csproj
		SccProjectTopLevelParentUniqueName32 = BrainwaveApplication.sln
		SccProjectName32 = Application.Headset/Headset_Status
		SccLocalPath32 = Application.Headset\\Headset_Status
		SccProjectUniqueName33 = BWS.Installers\\CreateSecurityGroups\\CreateSecurityGroups\\CreateSecurityGroups.csproj
		SccProjectTopLevelParentUniqueName33 = BrainwaveApplication.sln
		SccProjectName33 = BWS.Installers/CreateSecurityGroups/CreateSecurityGroups
		SccLocalPath33 = BWS.Installers\\CreateSecurityGroups\\CreateSecurityGroups
		SccProjectUniqueName34 = BWS.Installers\\LogInstaller\\LogInstaller\\LogInstaller.csproj
		SccProjectTopLevelParentUniqueName34 = BrainwaveApplication.sln
		SccProjectName34 = BWS.Installers/LogInstaller/LogInstaller
		SccLocalPath34 = BWS.Installers\\LogInstaller\\LogInstaller
		SccProjectUniqueName35 = Application.Replay\\Replay\\Replay.csproj
		SccProjectTopLevelParentUniqueName35 = BrainwaveApplication.sln
		SccProjectName35 = Application.Replay/Replay
		SccLocalPath35 = Application.Replay\\Replay
		SccProjectUniqueName36 = Application.Capture\\Cognionics\\Brainwave.Cognionics.csproj
		SccProjectTopLevelParentUniqueName36 = BrainwaveApplication.sln
		SccProjectName36 = Application.Capture/Cognionics
		SccLocalPath36 = Application.Capture\\Cognionics
		SccProjectUniqueName37 = Application.Brainwave\\Brainwave.Common\\Brainwave.Entities\\Brainwave.Entities.csproj
		SccProjectTopLevelParentUniqueName37 = BrainwaveApplication.sln
		SccProjectName37 = Application.Brainwave/Brainwave.Common/Brainwave.Entities
		SccLocalPath37 = Application.Brainwave\\Brainwave.Common\\Brainwave.Entities
	EndGlobalSection
EndGlobal
